{
  "dependencies": {
      "graceful-fs": {
          "version": "4.2.2"
      },
      "@gulp-sourcemaps/identity-map": {
        "version": "1.0.2",
        "resolved": "https://registry.npmjs.org/@gulp-sourcemaps/identity-map/-/identity-map-1.0.2.tgz",
        "integrity": "sha512-ciiioYMLdo16ShmfHBXJBOFm3xPC4AuwO4xeRpFeHz7WK9PYsWCmigagG2XyzZpubK4a3qNKoUBDhbzHfa50LQ==",
        "dev": true,
        "requires": {
            "acorn": "^5.0.3",
            "css": "^2.2.1",
            "normalize-path": "^2.1.1",
            "source-map": "^0.6.0",
            "through2": "^2.0.3"
        }
    }
  }
}